{
  "name": "Python",
  "lockfileVersion": 3,
  "requires": true,
  "packages": {
    "": {
      "dependencies": {
        "fitz": "^0.0.1",
        "flitz": "^0.18.0"
      }
    },
    "node_modules/fitz": {
      "version": "0.0.1",
      "resolved": "https://registry.npmjs.org/fitz/-/fitz-0.0.1.tgz",
      "integrity": "sha512-G5cLHrqWEo2nHNnH+W+jPjArM3TkQ46q429O1pNoxj+25L+IfQifHa9chcOCRXqubhnpLn8qZWbisVKRF4lr9w=="
    },
    "node_modules/flitz": {
      "version": "0.18.0",
      "resolved": "https://registry.npmjs.org/flitz/-/flitz-0.18.0.tgz",
      "integrity": "sha512-o/66uRmIJPw9l8259jvIQ0OQjNQxhmMA59ADmZ15/3YspTrUS1R0cWaC2DFoQF8gjLXbviI6qUdfBzF0D9NblA==",
      "engines": {
        "node": ">=12.0.0",
        "npm": ">=6.9.0"
      }
    }
  }
}
